
Microsoft Visual Studio Solution File, Format Version 12.00
# Visual Studio 15
VisualStudioVersion = 15.0.26730.16
MinimumVisualStudioVersion = 10.0.40219.1
Project("{FAE04EC0-301F-11D3-BF4B-00C04F79EFBC}") = "HelloSoftUni", "HelloSoftUni\HelloSoftUni.csproj", "{DAECE5AC-EF6F-436B-9D9C-59D8C90A0E9E}"
EndProject
Project("{FAE04EC0-301F-11D3-BF4B-00C04F79EFBC}") = "Expression", "Expression\Expression.csproj", "{F07449B2-5CEA-42E7-A587-BF4D89102ACB}"
EndProject
Project("{FAE04EC0-301F-11D3-BF4B-00C04F79EFBC}") = "Nums1to20", "Nums1to20\Nums1to20.csproj", "{C8FDCCFE-ED89-4ACE-A28F-EDB645262269}"
EndProject
Project("{FAE04EC0-301F-11D3-BF4B-00C04F79EFBC}") = "TriangleOf55Stars", "TriangleOf55Stars\TriangleOf55Stars.csproj", "{ECBB613A-72D3-40BC-B678-CE8A41B1CFFA}"
EndProject
Global
	GlobalSection(SolutionConfigurationPlatforms) = preSolution
		Debug|Any CPU = Debug|Any CPU
		Release|Any CPU = Release|Any CPU
	EndGlobalSection
	GlobalSection(ProjectConfigurationPlatforms) = postSolution
		{DAECE5AC-EF6F-436B-9D9C-59D8C90A0E9E}.Debug|Any CPU.ActiveCfg = Debug|Any CPU
		{DAECE5AC-EF6F-436B-9D9C-59D8C90A0E9E}.Debug|Any CPU.Build.0 = Debug|Any CPU
		{DAECE5AC-EF6F-436B-9D9C-59D8C90A0E9E}.Release|Any CPU.ActiveCfg = Release|Any CPU
		{DAECE5AC-EF6F-436B-9D9C-59D8C90A0E9E}.Release|Any CPU.Build.0 = Release|Any CPU
		{F07449B2-5CEA-42E7-A587-BF4D89102ACB}.Debug|Any CPU.ActiveCfg = Debug|Any CPU
		{F07449B2-5CEA-42E7-A587-BF4D89102ACB}.Debug|Any CPU.Build.0 = Debug|Any CPU
		{F07449B2-5CEA-42E7-A587-BF4D89102ACB}.Release|Any CPU.ActiveCfg = Release|Any CPU
		{F07449B2-5CEA-42E7-A587-BF4D89102ACB}.Release|Any CPU.Build.0 = Release|Any CPU
		{C8FDCCFE-ED89-4ACE-A28F-EDB645262269}.Debug|Any CPU.ActiveCfg = Debug|Any CPU
		{C8FDCCFE-ED89-4ACE-A28F-EDB645262269}.Debug|Any CPU.Build.0 = Debug|Any CPU
		{C8FDCCFE-ED89-4ACE-A28F-EDB645262269}.Release|Any CPU.ActiveCfg = Release|Any CPU
		{C8FDCCFE-ED89-4ACE-A28F-EDB645262269}.Release|Any CPU.Build.0 = Release|Any CPU
		{ECBB613A-72D3-40BC-B678-CE8A41B1CFFA}.Debug|Any CPU.ActiveCfg = Debug|Any CPU
		{ECBB613A-72D3-40BC-B678-CE8A41B1CFFA}.Debug|Any CPU.Build.0 = Debug|Any CPU
		{ECBB613A-72D3-40BC-B678-CE8A41B1CFFA}.Release|Any CPU.ActiveCfg = Release|Any CPU
		{ECBB613A-72D3-40BC-B678-CE8A41B1CFFA}.Release|Any CPU.Build.0 = Release|Any CPU
	EndGlobalSection
	GlobalSection(SolutionProperties) = preSolution
		HideSolutionNode = FALSE
	EndGlobalSection
	GlobalSection(ExtensibilityGlobals) = postSolution
		SolutionGuid = {FBF53EF9-CBB1-48F9-9AAA-2E5E7AF05BE5}
	EndGlobalSection
EndGlobal
